
Microsoft Visual Studio Solution File, Format Version 12.00
# Visual Studio Version 16
VisualStudioVersion = 16.0.29519.181
MinimumVisualStudioVersion = 10.0.40219.1
Project("{FAE04EC0-301F-11D3-BF4B-00C04F79EFBC}") = "ADFS5SAML", "ADFS5SAML\ADFS5SAML.csproj", "{C5979CD3-08A0-4000-95F3-71AF17B60F0C}"
EndProject
Global
	GlobalSection(SolutionConfigurationPlatforms) = preSolution
		Debug|Any CPU = Debug|Any CPU
		Release|Any CPU = Release|Any CPU
	EndGlobalSection
	GlobalSection(ProjectConfigurationPlatforms) = postSolution
		{C5979CD3-08A0-4000-95F3-71AF17B60F0C}.Debug|Any CPU.ActiveCfg = Debug|Any CPU
		{C5979CD3-08A0-4000-95F3-71AF17B60F0C}.Debug|Any CPU.Build.0 = Debug|Any CPU
		{C5979CD3-08A0-4000-95F3-71AF17B60F0C}.Release|Any CPU.ActiveCfg = Release|Any CPU
		{C5979CD3-08A0-4000-95F3-71AF17B60F0C}.Release|Any CPU.Build.0 = Release|Any CPU
	EndGlobalSection
	GlobalSection(SolutionProperties) = preSolution
		HideSolutionNode = FALSE
	EndGlobalSection
	GlobalSection(ExtensibilityGlobals) = postSolution
		SolutionGuid = {4858DC64-63D6-46A2-9EF2-FD3FC3BFDFBC}
	EndGlobalSection
EndGlobal
